
Microsoft Visual Studio Solution File, Format Version 12.00
# Visual Studio 15
VisualStudioVersion = 15.0.28307.438
MinimumVisualStudioVersion = 10.0.40219.1
Project("{FAE04EC0-301F-11D3-BF4B-00C04F79EFBC}") = "ProjetCefitra", "ProjetCefitra\ProjetCefitra.csproj", "{D366D5FE-3D56-47A2-A394-EF1F2DA0000C}"
EndProject
Global
	GlobalSection(SolutionConfigurationPlatforms) = preSolution
		Debug|Any CPU = Debug|Any CPU
		Release|Any CPU = Release|Any CPU
	EndGlobalSection
	GlobalSection(ProjectConfigurationPlatforms) = postSolution
		{D366D5FE-3D56-47A2-A394-EF1F2DA0000C}.Debug|Any CPU.ActiveCfg = Debug|Any CPU
		{D366D5FE-3D56-47A2-A394-EF1F2DA0000C}.Debug|Any CPU.Build.0 = Debug|Any CPU
		{D366D5FE-3D56-47A2-A394-EF1F2DA0000C}.Release|Any CPU.ActiveCfg = Release|Any CPU
		{D366D5FE-3D56-47A2-A394-EF1F2DA0000C}.Release|Any CPU.Build.0 = Release|Any CPU
	EndGlobalSection
	GlobalSection(SolutionProperties) = preSolution
		HideSolutionNode = FALSE
	EndGlobalSection
	GlobalSection(ExtensibilityGlobals) = postSolution
		SolutionGuid = {24634255-B4D3-41FB-B150-485258227D2F}
	EndGlobalSection
EndGlobal
